
Microsoft Visual Studio Solution File, Format Version 12.00
# Visual Studio 15
VisualStudioVersion = 15.0.28307.168
MinimumVisualStudioVersion = 10.0.40219.1
Project("{FAE04EC0-301F-11D3-BF4B-00C04F79EFBC}") = "Dash_Board", "Dash_Board\Dash_Board.csproj", "{341543F3-AF0D-4EB3-AFB6-5726F06F8712}"
EndProject
Global
	GlobalSection(SolutionConfigurationPlatforms) = preSolution
		Debug|Any CPU = Debug|Any CPU
		Release|Any CPU = Release|Any CPU
	EndGlobalSection
	GlobalSection(ProjectConfigurationPlatforms) = postSolution
		{341543F3-AF0D-4EB3-AFB6-5726F06F8712}.Debug|Any CPU.ActiveCfg = Debug|Any CPU
		{341543F3-AF0D-4EB3-AFB6-5726F06F8712}.Debug|Any CPU.Build.0 = Debug|Any CPU
		{341543F3-AF0D-4EB3-AFB6-5726F06F8712}.Release|Any CPU.ActiveCfg = Release|Any CPU
		{341543F3-AF0D-4EB3-AFB6-5726F06F8712}.Release|Any CPU.Build.0 = Release|Any CPU
	EndGlobalSection
	GlobalSection(SolutionProperties) = preSolution
		HideSolutionNode = FALSE
	EndGlobalSection
	GlobalSection(ExtensibilityGlobals) = postSolution
		SolutionGuid = {39A43522-2426-4AC6-8BDF-DF5F0CBCE864}
	EndGlobalSection
EndGlobal
